
Microsoft Visual Studio Solution File, Format Version 12.00
# Visual Studio Version 16
VisualStudioVersion = 16.0.29020.237
MinimumVisualStudioVersion = 10.0.40219.1
Project("{9A19103F-16F7-4668-BE54-9A1E7A4F7556}") = "BankApi.Domain", "src\BankApi.Domain\BankApi.Domain.csproj", "{554AD327-6DBA-4F8F-96F8-81CE7A0C863F}"
EndProject
Project("{9A19103F-16F7-4668-BE54-9A1E7A4F7556}") = "BankModule.TestBase", "modules\BankModule\test\BankModule.TestBase\BankModule.TestBase.csproj", "{09d56e9f-44fc-4b9e-b18f-a7c7f6548bda}"
EndProject
Project("{9A19103F-16F7-4668-BE54-9A1E7A4F7556}") = "BankModule.HttpApi.Client.ConsoleTestApp", "modules\BankModule\test\BankModule.HttpApi.Client.ConsoleTestApp\BankModule.HttpApi.Client.ConsoleTestApp.csproj", "{5d8a1e96-9e0e-4f85-a434-aabcffd5be77}"
EndProject
Project("{9A19103F-16F7-4668-BE54-9A1E7A4F7556}") = "BankModule.EntityFrameworkCore.Tests", "modules\BankModule\test\BankModule.EntityFrameworkCore.Tests\BankModule.EntityFrameworkCore.Tests.csproj", "{def77a85-c773-41be-af33-632d4ff66e05}"
EndProject
Project("{9A19103F-16F7-4668-BE54-9A1E7A4F7556}") = "BankModule.Domain.Tests", "modules\BankModule\test\BankModule.Domain.Tests\BankModule.Domain.Tests.csproj", "{74ef83b7-e512-4c36-9c3f-c86dd4775d35}"
EndProject
Project("{9A19103F-16F7-4668-BE54-9A1E7A4F7556}") = "BankModule.Application.Tests", "modules\BankModule\test\BankModule.Application.Tests\BankModule.Application.Tests.csproj", "{a39e3efa-cb31-4145-9549-50b8871a4f63}"
EndProject
Project("{9A19103F-16F7-4668-BE54-9A1E7A4F7556}") = "BankModule.Web", "modules\BankModule\src\BankModule.Web\BankModule.Web.csproj", "{7f2e12de-bd81-4399-9bd1-efb19432ec4c}"
EndProject
Project("{9A19103F-16F7-4668-BE54-9A1E7A4F7556}") = "BankModule.Installer", "modules\BankModule\src\BankModule.Installer\BankModule.Installer.csproj", "{cfba4172-857e-45e4-a06b-d71befa4be0b}"
EndProject
Project("{9A19103F-16F7-4668-BE54-9A1E7A4F7556}") = "BankModule.HttpApi.Client", "modules\BankModule\src\BankModule.HttpApi.Client\BankModule.HttpApi.Client.csproj", "{8ab4a326-a17c-4231-8c42-230f078e0984}"
EndProject
Project("{9A19103F-16F7-4668-BE54-9A1E7A4F7556}") = "BankModule.HttpApi", "modules\BankModule\src\BankModule.HttpApi\BankModule.HttpApi.csproj", "{57d6383e-6e63-4b9e-af77-d23e7b5024c9}"
EndProject
Project("{9A19103F-16F7-4668-BE54-9A1E7A4F7556}") = "BankModule.EntityFrameworkCore", "modules\BankModule\src\BankModule.EntityFrameworkCore\BankModule.EntityFrameworkCore.csproj", "{409c7026-0dd1-4bb6-8886-655da04a67ee}"
EndProject
Project("{9A19103F-16F7-4668-BE54-9A1E7A4F7556}") = "BankModule.Domain.Shared", "modules\BankModule\src\BankModule.Domain.Shared\BankModule.Domain.Shared.csproj", "{f3ec148a-48d6-4ef1-8b44-e7f327398f34}"
EndProject
Project("{9A19103F-16F7-4668-BE54-9A1E7A4F7556}") = "BankModule.Domain", "modules\BankModule\src\BankModule.Domain\BankModule.Domain.csproj", "{c52344f8-993f-4cfd-81ca-be186fa89d2a}"
EndProject
Project("{9A19103F-16F7-4668-BE54-9A1E7A4F7556}") = "BankModule.Application.Contracts", "modules\BankModule\src\BankModule.Application.Contracts\BankModule.Application.Contracts.csproj", "{ad3a96e5-ce78-42a4-997d-f625f260dab2}"
EndProject
Project("{9A19103F-16F7-4668-BE54-9A1E7A4F7556}") = "BankModule.Application", "modules\BankModule\src\BankModule.Application\BankModule.Application.csproj", "{e4a10b83-7d76-4c27-843e-7af41d5c925e}"
EndProject
Project("{2150E333-8FDC-42A3-9474-1A3956D46DE8}") = "BankModule.Tests", "BankModule.Tests", "{6f2956e1-4bbf-4409-9432-420956e2ccc8}"
EndProject
Project("{2150E333-8FDC-42A3-9474-1A3956D46DE8}") = "BankModule", "BankModule", "{90da8137-86b3-47b7-9339-0c20949be566}"
EndProject
Project("{2150E333-8FDC-42A3-9474-1A3956D46DE8}") = "modules", "modules", "{ac7643a0-0ec1-4d28-8915-442d00941e5d}"
EndProject
Project("{9A19103F-16F7-4668-BE54-9A1E7A4F7556}") = "BankApi.Application", "src\BankApi.Application\BankApi.Application.csproj", "{1A94A50E-06DC-43C1-80B5-B662820EC3EB}"
EndProject
Project("{9A19103F-16F7-4668-BE54-9A1E7A4F7556}") = "BankApi.EntityFrameworkCore", "src\BankApi.EntityFrameworkCore\BankApi.EntityFrameworkCore.csproj", "{C956DD76-69C8-4A9C-83EA-D17DF83340FD}"
EndProject
Project("{9A19103F-16F7-4668-BE54-9A1E7A4F7556}") = "BankApi.Web", "src\BankApi.Web\BankApi.Web.csproj", "{068855E8-9240-4F1A-910B-CF825794513B}"
EndProject
Project("{2150E333-8FDC-42A3-9474-1A3956D46DE8}") = "src", "src", "{CA9AC87F-097E-4F15-8393-4BC07735A5B0}"
EndProject
Project("{2150E333-8FDC-42A3-9474-1A3956D46DE8}") = "test", "test", "{04DBDB01-70F4-4E06-B468-8F87850B22BE}"
EndProject
Project("{9A19103F-16F7-4668-BE54-9A1E7A4F7556}") = "BankApi.Application.Tests", "test\BankApi.Application.Tests\BankApi.Application.Tests.csproj", "{50B2631D-129C-47B3-A587-029CCD6099BC}"
EndProject
Project("{9A19103F-16F7-4668-BE54-9A1E7A4F7556}") = "BankApi.Web.Tests", "test\BankApi.Web.Tests\BankApi.Web.Tests.csproj", "{5F1B28C6-8D0C-4155-92D0-252F7EA5F674}"
EndProject
Project("{9A19103F-16F7-4668-BE54-9A1E7A4F7556}") = "BankApi.Domain.Shared", "src\BankApi.Domain.Shared\BankApi.Domain.Shared.csproj", "{42F719ED-8413-4895-B5B4-5AB56079BC66}"
EndProject
Project("{9A19103F-16F7-4668-BE54-9A1E7A4F7556}") = "BankApi.Application.Contracts", "src\BankApi.Application.Contracts\BankApi.Application.Contracts.csproj", "{520659C8-C734-4298-A3DA-B539DB9DFC0B}"
EndProject
Project("{9A19103F-16F7-4668-BE54-9A1E7A4F7556}") = "BankApi.HttpApi", "src\BankApi.HttpApi\BankApi.HttpApi.csproj", "{4164BDF7-F527-4E85-9CE6-E3C2D7426A27}"
EndProject
Project("{9A19103F-16F7-4668-BE54-9A1E7A4F7556}") = "BankApi.HttpApi.Client", "src\BankApi.HttpApi.Client\BankApi.HttpApi.Client.csproj", "{3B5A0094-670D-4BB1-BFDD-61B88A8773DC}"
EndProject
Project("{9A19103F-16F7-4668-BE54-9A1E7A4F7556}") = "BankApi.EntityFrameworkCore.Tests", "test\BankApi.EntityFrameworkCore.Tests\BankApi.EntityFrameworkCore.Tests.csproj", "{1FE30EB9-74A9-47F5-A9F6-7B1FAB672D81}"
EndProject
Project("{9A19103F-16F7-4668-BE54-9A1E7A4F7556}") = "BankApi.TestBase", "test\BankApi.TestBase\BankApi.TestBase.csproj", "{91853F21-9CD9-4132-BC29-A7D5D84FFFE7}"
EndProject
Project("{9A19103F-16F7-4668-BE54-9A1E7A4F7556}") = "BankApi.Domain.Tests", "test\BankApi.Domain.Tests\BankApi.Domain.Tests.csproj", "{E512F4D9-9375-480F-A2F6-A46509F9D824}"
EndProject
Project("{9A19103F-16F7-4668-BE54-9A1E7A4F7556}") = "BankApi.HttpApi.Client.ConsoleTestApp", "test\BankApi.HttpApi.Client.ConsoleTestApp\BankApi.HttpApi.Client.ConsoleTestApp.csproj", "{EF480016-9127-4916-8735-D2466BDBC582}"
EndProject
Project("{9A19103F-16F7-4668-BE54-9A1E7A4F7556}") = "BankApi.DbMigrator", "src\BankApi.DbMigrator\BankApi.DbMigrator.csproj", "{AA94D832-1CCC-4715-95A9-A483F23A1A5D}"
EndProject
Project("{FAE04EC0-301F-11D3-BF4B-00C04F79EFBC}") = "BankApi.Tests", "BankApi.Tests\BankApi.Tests.csproj", "{9D85933D-36A0-422F-B776-28D9E7A490A9}"
EndProject
Global
	GlobalSection(SolutionConfigurationPlatforms) = preSolution
		Debug|Any CPU = Debug|Any CPU
		Release|Any CPU = Release|Any CPU
	EndGlobalSection
	GlobalSection(ProjectConfigurationPlatforms) = postSolution
		{09d56e9f-44fc-4b9e-b18f-a7c7f6548bda}.Debug|Any CPU.ActiveCfg = Debug|Any CPU
		{09d56e9f-44fc-4b9e-b18f-a7c7f6548bda}.Debug|Any CPU.Build.0 = Debug|Any CPU
		{09d56e9f-44fc-4b9e-b18f-a7c7f6548bda}.Release|Any CPU.ActiveCfg = Release|Any CPU
		{09d56e9f-44fc-4b9e-b18f-a7c7f6548bda}.Release|Any CPU.Build.0 = Release|Any CPU
		{5d8a1e96-9e0e-4f85-a434-aabcffd5be77}.Debug|Any CPU.ActiveCfg = Debug|Any CPU
		{5d8a1e96-9e0e-4f85-a434-aabcffd5be77}.Debug|Any CPU.Build.0 = Debug|Any CPU
		{5d8a1e96-9e0e-4f85-a434-aabcffd5be77}.Release|Any CPU.ActiveCfg = Release|Any CPU
		{5d8a1e96-9e0e-4f85-a434-aabcffd5be77}.Release|Any CPU.Build.0 = Release|Any CPU
		{def77a85-c773-41be-af33-632d4ff66e05}.Debug|Any CPU.ActiveCfg = Debug|Any CPU
		{def77a85-c773-41be-af33-632d4ff66e05}.Debug|Any CPU.Build.0 = Debug|Any CPU
		{def77a85-c773-41be-af33-632d4ff66e05}.Release|Any CPU.ActiveCfg = Release|Any CPU
		{def77a85-c773-41be-af33-632d4ff66e05}.Release|Any CPU.Build.0 = Release|Any CPU
		{74ef83b7-e512-4c36-9c3f-c86dd4775d35}.Debug|Any CPU.ActiveCfg = Debug|Any CPU
		{74ef83b7-e512-4c36-9c3f-c86dd4775d35}.Debug|Any CPU.Build.0 = Debug|Any CPU
		{74ef83b7-e512-4c36-9c3f-c86dd4775d35}.Release|Any CPU.ActiveCfg = Release|Any CPU
		{74ef83b7-e512-4c36-9c3f-c86dd4775d35}.Release|Any CPU.Build.0 = Release|Any CPU
		{a39e3efa-cb31-4145-9549-50b8871a4f63}.Debug|Any CPU.ActiveCfg = Debug|Any CPU
		{a39e3efa-cb31-4145-9549-50b8871a4f63}.Debug|Any CPU.Build.0 = Debug|Any CPU
		{a39e3efa-cb31-4145-9549-50b8871a4f63}.Release|Any CPU.ActiveCfg = Release|Any CPU
		{a39e3efa-cb31-4145-9549-50b8871a4f63}.Release|Any CPU.Build.0 = Release|Any CPU
		{7f2e12de-bd81-4399-9bd1-efb19432ec4c}.Debug|Any CPU.ActiveCfg = Debug|Any CPU
		{7f2e12de-bd81-4399-9bd1-efb19432ec4c}.Debug|Any CPU.Build.0 = Debug|Any CPU
		{7f2e12de-bd81-4399-9bd1-efb19432ec4c}.Release|Any CPU.ActiveCfg = Release|Any CPU
		{7f2e12de-bd81-4399-9bd1-efb19432ec4c}.Release|Any CPU.Build.0 = Release|Any CPU
		{cfba4172-857e-45e4-a06b-d71befa4be0b}.Debug|Any CPU.ActiveCfg = Debug|Any CPU
		{cfba4172-857e-45e4-a06b-d71befa4be0b}.Debug|Any CPU.Build.0 = Debug|Any CPU
		{cfba4172-857e-45e4-a06b-d71befa4be0b}.Release|Any CPU.ActiveCfg = Release|Any CPU
		{cfba4172-857e-45e4-a06b-d71befa4be0b}.Release|Any CPU.Build.0 = Release|Any CPU
		{8ab4a326-a17c-4231-8c42-230f078e0984}.Debug|Any CPU.ActiveCfg = Debug|Any CPU
		{8ab4a326-a17c-4231-8c42-230f078e0984}.Debug|Any CPU.Build.0 = Debug|Any CPU
		{8ab4a326-a17c-4231-8c42-230f078e0984}.Release|Any CPU.ActiveCfg = Release|Any CPU
		{8ab4a326-a17c-4231-8c42-230f078e0984}.Release|Any CPU.Build.0 = Release|Any CPU
		{57d6383e-6e63-4b9e-af77-d23e7b5024c9}.Debug|Any CPU.ActiveCfg = Debug|Any CPU
		{57d6383e-6e63-4b9e-af77-d23e7b5024c9}.Debug|Any CPU.Build.0 = Debug|Any CPU
		{57d6383e-6e63-4b9e-af77-d23e7b5024c9}.Release|Any CPU.ActiveCfg = Release|Any CPU
		{57d6383e-6e63-4b9e-af77-d23e7b5024c9}.Release|Any CPU.Build.0 = Release|Any CPU
		{409c7026-0dd1-4bb6-8886-655da04a67ee}.Debug|Any CPU.ActiveCfg = Debug|Any CPU
		{409c7026-0dd1-4bb6-8886-655da04a67ee}.Debug|Any CPU.Build.0 = Debug|Any CPU
		{409c7026-0dd1-4bb6-8886-655da04a67ee}.Release|Any CPU.ActiveCfg = Release|Any CPU
		{409c7026-0dd1-4bb6-8886-655da04a67ee}.Release|Any CPU.Build.0 = Release|Any CPU
		{f3ec148a-48d6-4ef1-8b44-e7f327398f34}.Debug|Any CPU.ActiveCfg = Debug|Any CPU
		{f3ec148a-48d6-4ef1-8b44-e7f327398f34}.Debug|Any CPU.Build.0 = Debug|Any CPU
		{f3ec148a-48d6-4ef1-8b44-e7f327398f34}.Release|Any CPU.ActiveCfg = Release|Any CPU
		{f3ec148a-48d6-4ef1-8b44-e7f327398f34}.Release|Any CPU.Build.0 = Release|Any CPU
		{c52344f8-993f-4cfd-81ca-be186fa89d2a}.Debug|Any CPU.ActiveCfg = Debug|Any CPU
		{c52344f8-993f-4cfd-81ca-be186fa89d2a}.Debug|Any CPU.Build.0 = Debug|Any CPU
		{c52344f8-993f-4cfd-81ca-be186fa89d2a}.Release|Any CPU.ActiveCfg = Release|Any CPU
		{c52344f8-993f-4cfd-81ca-be186fa89d2a}.Release|Any CPU.Build.0 = Release|Any CPU
		{ad3a96e5-ce78-42a4-997d-f625f260dab2}.Debug|Any CPU.ActiveCfg = Debug|Any CPU
		{ad3a96e5-ce78-42a4-997d-f625f260dab2}.Debug|Any CPU.Build.0 = Debug|Any CPU
		{ad3a96e5-ce78-42a4-997d-f625f260dab2}.Release|Any CPU.ActiveCfg = Release|Any CPU
		{ad3a96e5-ce78-42a4-997d-f625f260dab2}.Release|Any CPU.Build.0 = Release|Any CPU
		{e4a10b83-7d76-4c27-843e-7af41d5c925e}.Debug|Any CPU.ActiveCfg = Debug|Any CPU
		{e4a10b83-7d76-4c27-843e-7af41d5c925e}.Debug|Any CPU.Build.0 = Debug|Any CPU
		{e4a10b83-7d76-4c27-843e-7af41d5c925e}.Release|Any CPU.ActiveCfg = Release|Any CPU
		{e4a10b83-7d76-4c27-843e-7af41d5c925e}.Release|Any CPU.Build.0 = Release|Any CPU
		{554AD327-6DBA-4F8F-96F8-81CE7A0C863F}.Debug|Any CPU.ActiveCfg = Debug|Any CPU
		{554AD327-6DBA-4F8F-96F8-81CE7A0C863F}.Debug|Any CPU.Build.0 = Debug|Any CPU
		{554AD327-6DBA-4F8F-96F8-81CE7A0C863F}.Release|Any CPU.ActiveCfg = Release|Any CPU
		{554AD327-6DBA-4F8F-96F8-81CE7A0C863F}.Release|Any CPU.Build.0 = Release|Any CPU
		{1A94A50E-06DC-43C1-80B5-B662820EC3EB}.Debug|Any CPU.ActiveCfg = Debug|Any CPU
		{1A94A50E-06DC-43C1-80B5-B662820EC3EB}.Debug|Any CPU.Build.0 = Debug|Any CPU
		{1A94A50E-06DC-43C1-80B5-B662820EC3EB}.Release|Any CPU.ActiveCfg = Release|Any CPU
		{1A94A50E-06DC-43C1-80B5-B662820EC3EB}.Release|Any CPU.Build.0 = Release|Any CPU
		{C956DD76-69C8-4A9C-83EA-D17DF83340FD}.Debug|Any CPU.ActiveCfg = Debug|Any CPU
		{C956DD76-69C8-4A9C-83EA-D17DF83340FD}.Debug|Any CPU.Build.0 = Debug|Any CPU
		{C956DD76-69C8-4A9C-83EA-D17DF83340FD}.Release|Any CPU.ActiveCfg = Release|Any CPU
		{C956DD76-69C8-4A9C-83EA-D17DF83340FD}.Release|Any CPU.Build.0 = Release|Any CPU
		{068855E8-9240-4F1A-910B-CF825794513B}.Debug|Any CPU.ActiveCfg = Debug|Any CPU
		{068855E8-9240-4F1A-910B-CF825794513B}.Debug|Any CPU.Build.0 = Debug|Any CPU
		{068855E8-9240-4F1A-910B-CF825794513B}.Release|Any CPU.ActiveCfg = Release|Any CPU
		{068855E8-9240-4F1A-910B-CF825794513B}.Release|Any CPU.Build.0 = Release|Any CPU
		{50B2631D-129C-47B3-A587-029CCD6099BC}.Debug|Any CPU.ActiveCfg = Debug|Any CPU
		{50B2631D-129C-47B3-A587-029CCD6099BC}.Debug|Any CPU.Build.0 = Debug|Any CPU
		{50B2631D-129C-47B3-A587-029CCD6099BC}.Release|Any CPU.ActiveCfg = Release|Any CPU
		{50B2631D-129C-47B3-A587-029CCD6099BC}.Release|Any CPU.Build.0 = Release|Any CPU
		{5F1B28C6-8D0C-4155-92D0-252F7EA5F674}.Debug|Any CPU.ActiveCfg = Debug|Any CPU
		{5F1B28C6-8D0C-4155-92D0-252F7EA5F674}.Debug|Any CPU.Build.0 = Debug|Any CPU
		{5F1B28C6-8D0C-4155-92D0-252F7EA5F674}.Release|Any CPU.ActiveCfg = Release|Any CPU
		{5F1B28C6-8D0C-4155-92D0-252F7EA5F674}.Release|Any CPU.Build.0 = Release|Any CPU
		{42F719ED-8413-4895-B5B4-5AB56079BC66}.Debug|Any CPU.ActiveCfg = Debug|Any CPU
		{42F719ED-8413-4895-B5B4-5AB56079BC66}.Debug|Any CPU.Build.0 = Debug|Any CPU
		{42F719ED-8413-4895-B5B4-5AB56079BC66}.Release|Any CPU.ActiveCfg = Release|Any CPU
		{42F719ED-8413-4895-B5B4-5AB56079BC66}.Release|Any CPU.Build.0 = Release|Any CPU
		{520659C8-C734-4298-A3DA-B539DB9DFC0B}.Debug|Any CPU.ActiveCfg = Debug|Any CPU
		{520659C8-C734-4298-A3DA-B539DB9DFC0B}.Debug|Any CPU.Build.0 = Debug|Any CPU
		{520659C8-C734-4298-A3DA-B539DB9DFC0B}.Release|Any CPU.ActiveCfg = Release|Any CPU
		{520659C8-C734-4298-A3DA-B539DB9DFC0B}.Release|Any CPU.Build.0 = Release|Any CPU
		{4164BDF7-F527-4E85-9CE6-E3C2D7426A27}.Debug|Any CPU.ActiveCfg = Debug|Any CPU
		{4164BDF7-F527-4E85-9CE6-E3C2D7426A27}.Debug|Any CPU.Build.0 = Debug|Any CPU
		{4164BDF7-F527-4E85-9CE6-E3C2D7426A27}.Release|Any CPU.ActiveCfg = Release|Any CPU
		{4164BDF7-F527-4E85-9CE6-E3C2D7426A27}.Release|Any CPU.Build.0 = Release|Any CPU
		{3B5A0094-670D-4BB1-BFDD-61B88A8773DC}.Debug|Any CPU.ActiveCfg = Debug|Any CPU
		{3B5A0094-670D-4BB1-BFDD-61B88A8773DC}.Debug|Any CPU.Build.0 = Debug|Any CPU
		{3B5A0094-670D-4BB1-BFDD-61B88A8773DC}.Release|Any CPU.ActiveCfg = Release|Any CPU
		{3B5A0094-670D-4BB1-BFDD-61B88A8773DC}.Release|Any CPU.Build.0 = Release|Any CPU
		{1FE30EB9-74A9-47F5-A9F6-7B1FAB672D81}.Debug|Any CPU.ActiveCfg = Debug|Any CPU
		{1FE30EB9-74A9-47F5-A9F6-7B1FAB672D81}.Debug|Any CPU.Build.0 = Debug|Any CPU
		{1FE30EB9-74A9-47F5-A9F6-7B1FAB672D81}.Release|Any CPU.ActiveCfg = Release|Any CPU
		{1FE30EB9-74A9-47F5-A9F6-7B1FAB672D81}.Release|Any CPU.Build.0 = Release|Any CPU
		{91853F21-9CD9-4132-BC29-A7D5D84FFFE7}.Debug|Any CPU.ActiveCfg = Debug|Any CPU
		{91853F21-9CD9-4132-BC29-A7D5D84FFFE7}.Debug|Any CPU.Build.0 = Debug|Any CPU
		{91853F21-9CD9-4132-BC29-A7D5D84FFFE7}.Release|Any CPU.ActiveCfg = Release|Any CPU
		{91853F21-9CD9-4132-BC29-A7D5D84FFFE7}.Release|Any CPU.Build.0 = Release|Any CPU
		{E512F4D9-9375-480F-A2F6-A46509F9D824}.Debug|Any CPU.ActiveCfg = Debug|Any CPU
		{E512F4D9-9375-480F-A2F6-A46509F9D824}.Debug|Any CPU.Build.0 = Debug|Any CPU
		{E512F4D9-9375-480F-A2F6-A46509F9D824}.Release|Any CPU.ActiveCfg = Release|Any CPU
		{E512F4D9-9375-480F-A2F6-A46509F9D824}.Release|Any CPU.Build.0 = Release|Any CPU
		{EF480016-9127-4916-8735-D2466BDBC582}.Debug|Any CPU.ActiveCfg = Debug|Any CPU
		{EF480016-9127-4916-8735-D2466BDBC582}.Debug|Any CPU.Build.0 = Debug|Any CPU
		{EF480016-9127-4916-8735-D2466BDBC582}.Release|Any CPU.ActiveCfg = Release|Any CPU
		{EF480016-9127-4916-8735-D2466BDBC582}.Release|Any CPU.Build.0 = Release|Any CPU
		{AA94D832-1CCC-4715-95A9-A483F23A1A5D}.Debug|Any CPU.ActiveCfg = Debug|Any CPU
		{AA94D832-1CCC-4715-95A9-A483F23A1A5D}.Debug|Any CPU.Build.0 = Debug|Any CPU
		{AA94D832-1CCC-4715-95A9-A483F23A1A5D}.Release|Any CPU.ActiveCfg = Release|Any CPU
		{AA94D832-1CCC-4715-95A9-A483F23A1A5D}.Release|Any CPU.Build.0 = Release|Any CPU
		{9D85933D-36A0-422F-B776-28D9E7A490A9}.Debug|Any CPU.ActiveCfg = Debug|Any CPU
		{9D85933D-36A0-422F-B776-28D9E7A490A9}.Debug|Any CPU.Build.0 = Debug|Any CPU
		{9D85933D-36A0-422F-B776-28D9E7A490A9}.Release|Any CPU.ActiveCfg = Release|Any CPU
		{9D85933D-36A0-422F-B776-28D9E7A490A9}.Release|Any CPU.Build.0 = Release|Any CPU
	EndGlobalSection
	GlobalSection(SolutionProperties) = preSolution
		HideSolutionNode = FALSE
	EndGlobalSection
	GlobalSection(NestedProjects) = preSolution
		{09d56e9f-44fc-4b9e-b18f-a7c7f6548bda} = {6f2956e1-4bbf-4409-9432-420956e2ccc8}
		{5d8a1e96-9e0e-4f85-a434-aabcffd5be77} = {6f2956e1-4bbf-4409-9432-420956e2ccc8}
		{def77a85-c773-41be-af33-632d4ff66e05} = {6f2956e1-4bbf-4409-9432-420956e2ccc8}
		{74ef83b7-e512-4c36-9c3f-c86dd4775d35} = {6f2956e1-4bbf-4409-9432-420956e2ccc8}
		{a39e3efa-cb31-4145-9549-50b8871a4f63} = {6f2956e1-4bbf-4409-9432-420956e2ccc8}
		{7f2e12de-bd81-4399-9bd1-efb19432ec4c} = {90da8137-86b3-47b7-9339-0c20949be566}
		{cfba4172-857e-45e4-a06b-d71befa4be0b} = {90da8137-86b3-47b7-9339-0c20949be566}
		{8ab4a326-a17c-4231-8c42-230f078e0984} = {90da8137-86b3-47b7-9339-0c20949be566}
		{57d6383e-6e63-4b9e-af77-d23e7b5024c9} = {90da8137-86b3-47b7-9339-0c20949be566}
		{409c7026-0dd1-4bb6-8886-655da04a67ee} = {90da8137-86b3-47b7-9339-0c20949be566}
		{f3ec148a-48d6-4ef1-8b44-e7f327398f34} = {90da8137-86b3-47b7-9339-0c20949be566}
		{c52344f8-993f-4cfd-81ca-be186fa89d2a} = {90da8137-86b3-47b7-9339-0c20949be566}
		{ad3a96e5-ce78-42a4-997d-f625f260dab2} = {90da8137-86b3-47b7-9339-0c20949be566}
		{e4a10b83-7d76-4c27-843e-7af41d5c925e} = {90da8137-86b3-47b7-9339-0c20949be566}
		{6f2956e1-4bbf-4409-9432-420956e2ccc8} = {04DBDB01-70F4-4E06-B468-8F87850B22BE}
		{90da8137-86b3-47b7-9339-0c20949be566} = {ac7643a0-0ec1-4d28-8915-442d00941e5d}
		{554AD327-6DBA-4F8F-96F8-81CE7A0C863F} = {CA9AC87F-097E-4F15-8393-4BC07735A5B0}
		{1A94A50E-06DC-43C1-80B5-B662820EC3EB} = {CA9AC87F-097E-4F15-8393-4BC07735A5B0}
		{C956DD76-69C8-4A9C-83EA-D17DF83340FD} = {CA9AC87F-097E-4F15-8393-4BC07735A5B0}
		{068855E8-9240-4F1A-910B-CF825794513B} = {CA9AC87F-097E-4F15-8393-4BC07735A5B0}
		{50B2631D-129C-47B3-A587-029CCD6099BC} = {04DBDB01-70F4-4E06-B468-8F87850B22BE}
		{5F1B28C6-8D0C-4155-92D0-252F7EA5F674} = {04DBDB01-70F4-4E06-B468-8F87850B22BE}
		{42F719ED-8413-4895-B5B4-5AB56079BC66} = {CA9AC87F-097E-4F15-8393-4BC07735A5B0}
		{520659C8-C734-4298-A3DA-B539DB9DFC0B} = {CA9AC87F-097E-4F15-8393-4BC07735A5B0}
		{4164BDF7-F527-4E85-9CE6-E3C2D7426A27} = {CA9AC87F-097E-4F15-8393-4BC07735A5B0}
		{3B5A0094-670D-4BB1-BFDD-61B88A8773DC} = {CA9AC87F-097E-4F15-8393-4BC07735A5B0}
		{1FE30EB9-74A9-47F5-A9F6-7B1FAB672D81} = {04DBDB01-70F4-4E06-B468-8F87850B22BE}
		{91853F21-9CD9-4132-BC29-A7D5D84FFFE7} = {04DBDB01-70F4-4E06-B468-8F87850B22BE}
		{E512F4D9-9375-480F-A2F6-A46509F9D824} = {04DBDB01-70F4-4E06-B468-8F87850B22BE}
		{EF480016-9127-4916-8735-D2466BDBC582} = {04DBDB01-70F4-4E06-B468-8F87850B22BE}
		{AA94D832-1CCC-4715-95A9-A483F23A1A5D} = {CA9AC87F-097E-4F15-8393-4BC07735A5B0}
	EndGlobalSection
	GlobalSection(ExtensibilityGlobals) = postSolution
		SolutionGuid = {28315BFD-90E7-4E14-A2EA-F3D23AF4126F}
	EndGlobalSection
EndGlobal
